
Microsoft Visual Studio Solution File, Format Version 12.00
# Visual Studio Version 17
VisualStudioVersion = 17.3.32825.248
MinimumVisualStudioVersion = 10.0.40219.1
Project("{FAE04EC0-301F-11D3-BF4B-00C04F79EFBC}") = "Cab_Invoice_Generator", "Cab_Invoice_Generator.csproj", "{7CE72107-1713-4426-9DC0-1E8C933CF034}"
EndProject
Project("{FAE04EC0-301F-11D3-BF4B-00C04F79EFBC}") = "UnitTest1", "..\UnitTest1\UnitTest1.csproj", "{B21E7C6A-1274-4A55-A72A-C87826941499}"
EndProject
Global
	GlobalSection(SolutionConfigurationPlatforms) = preSolution
		Debug|Any CPU = Debug|Any CPU
		Release|Any CPU = Release|Any CPU
	EndGlobalSection
	GlobalSection(ProjectConfigurationPlatforms) = postSolution
		{7CE72107-1713-4426-9DC0-1E8C933CF034}.Debug|Any CPU.ActiveCfg = Debug|Any CPU
		{7CE72107-1713-4426-9DC0-1E8C933CF034}.Debug|Any CPU.Build.0 = Debug|Any CPU
		{7CE72107-1713-4426-9DC0-1E8C933CF034}.Release|Any CPU.ActiveCfg = Release|Any CPU
		{7CE72107-1713-4426-9DC0-1E8C933CF034}.Release|Any CPU.Build.0 = Release|Any CPU
		{B21E7C6A-1274-4A55-A72A-C87826941499}.Debug|Any CPU.ActiveCfg = Debug|Any CPU
		{B21E7C6A-1274-4A55-A72A-C87826941499}.Debug|Any CPU.Build.0 = Debug|Any CPU
		{B21E7C6A-1274-4A55-A72A-C87826941499}.Release|Any CPU.ActiveCfg = Release|Any CPU
		{B21E7C6A-1274-4A55-A72A-C87826941499}.Release|Any CPU.Build.0 = Release|Any CPU
	EndGlobalSection
	GlobalSection(SolutionProperties) = preSolution
		HideSolutionNode = FALSE
	EndGlobalSection
	GlobalSection(ExtensibilityGlobals) = postSolution
		SolutionGuid = {30DAE262-D2AD-4DF0-9FEB-1117DC2E08EE}
	EndGlobalSection
EndGlobal
